
Microsoft Visual Studio Solution File, Format Version 12.00
# Visual Studio Version 16
VisualStudioVersion = 16.0.29230.47
MinimumVisualStudioVersion = 10.0.40219.1
Project("{8BC9CEB8-8B4A-11D0-8D11-00A0C91BC942}") = "kursovaya2.0", "kursovaya2.0.vcxproj", "{B203AC1F-C247-494A-A14B-8F3D8B4FF270}"
EndProject
Global
	GlobalSection(SolutionConfigurationPlatforms) = preSolution
		Debug|x64 = Debug|x64
		Debug|x86 = Debug|x86
		Release|x64 = Release|x64
		Release|x86 = Release|x86
	EndGlobalSection
	GlobalSection(ProjectConfigurationPlatforms) = postSolution
		{B203AC1F-C247-494A-A14B-8F3D8B4FF270}.Debug|x64.ActiveCfg = Debug|x64
		{B203AC1F-C247-494A-A14B-8F3D8B4FF270}.Debug|x64.Build.0 = Debug|x64
		{B203AC1F-C247-494A-A14B-8F3D8B4FF270}.Debug|x86.ActiveCfg = Debug|Win32
		{B203AC1F-C247-494A-A14B-8F3D8B4FF270}.Debug|x86.Build.0 = Debug|Win32
		{B203AC1F-C247-494A-A14B-8F3D8B4FF270}.Release|x64.ActiveCfg = Release|x64
		{B203AC1F-C247-494A-A14B-8F3D8B4FF270}.Release|x64.Build.0 = Release|x64
		{B203AC1F-C247-494A-A14B-8F3D8B4FF270}.Release|x86.ActiveCfg = Release|Win32
		{B203AC1F-C247-494A-A14B-8F3D8B4FF270}.Release|x86.Build.0 = Release|Win32
	EndGlobalSection
	GlobalSection(SolutionProperties) = preSolution
		HideSolutionNode = FALSE
	EndGlobalSection
	GlobalSection(ExtensibilityGlobals) = postSolution
		SolutionGuid = {392172FA-D907-42A6-9A84-AB77A9C194DE}
	EndGlobalSection
EndGlobal
